
Microsoft Visual Studio Solution File, Format Version 12.00
# Visual Studio Version 17
VisualStudioVersion = 17.9.34728.123
MinimumVisualStudioVersion = 10.0.40219.1
Project("{FAE04EC0-301F-11D3-BF4B-00C04F79EFBC}") = "8PR", "8PR.csproj", "{2536AA88-E257-4B90-8168-0D848DE050AE}"
EndProject
Global
	GlobalSection(SolutionConfigurationPlatforms) = preSolution
		Debug|Any CPU = Debug|Any CPU
		Release|Any CPU = Release|Any CPU
	EndGlobalSection
	GlobalSection(ProjectConfigurationPlatforms) = postSolution
		{2536AA88-E257-4B90-8168-0D848DE050AE}.Debug|Any CPU.ActiveCfg = Debug|Any CPU
		{2536AA88-E257-4B90-8168-0D848DE050AE}.Debug|Any CPU.Build.0 = Debug|Any CPU
		{2536AA88-E257-4B90-8168-0D848DE050AE}.Release|Any CPU.ActiveCfg = Release|Any CPU
		{2536AA88-E257-4B90-8168-0D848DE050AE}.Release|Any CPU.Build.0 = Release|Any CPU
	EndGlobalSection
	GlobalSection(SolutionProperties) = preSolution
		HideSolutionNode = FALSE
	EndGlobalSection
	GlobalSection(ExtensibilityGlobals) = postSolution
		SolutionGuid = {CF29D2FC-7599-4E2A-ABE9-B61D957E7899}
	EndGlobalSection
EndGlobal
